
Microsoft Visual Studio Solution File, Format Version 12.00
# Visual Studio 14
VisualStudioVersion = 14.0.24720.0
MinimumVisualStudioVersion = 10.0.40219.1
Project("{FAE04EC0-301F-11D3-BF4B-00C04F79EFBC}") = "Owin.ApiGateway", "Owin.ApiGateway\Owin.ApiGateway.csproj", "{8C0AB50F-F7B5-4D3E-9B47-AA21C4C27C48}"
EndProject
Project("{FAE04EC0-301F-11D3-BF4B-00C04F79EFBC}") = "FakeHttpService", "FakeHttpService\FakeHttpService.csproj", "{EBAC3118-2CCA-4213-B8AE-64573B5C0C46}"
EndProject
Project("{FAE04EC0-301F-11D3-BF4B-00C04F79EFBC}") = "Owin.ApiGateway.SelfHost", "Owin.ApiGateway.SelfHost\Owin.ApiGateway.SelfHost.csproj", "{216B7A3F-6B38-4BFB-8EB3-7A0A78FC1893}"
EndProject
Project("{FAE04EC0-301F-11D3-BF4B-00C04F79EFBC}") = "Owin.ApiGateway.IisHost", "Owin.ApiGateway.IisHost\Owin.ApiGateway.IisHost.csproj", "{912B5A6C-62EA-4346-A78B-5A8B31B9EC59}"
EndProject
Project("{FAE04EC0-301F-11D3-BF4B-00C04F79EFBC}") = "Owin.ApiGateway.Common", "Owin.ApiGateway.Common\Owin.ApiGateway.Common.csproj", "{CFC4B131-733F-4D32-BFF4-0242F6FA599A}"
EndProject
Project("{FAE04EC0-301F-11D3-BF4B-00C04F79EFBC}") = "Owin.ApiGateway.DbConfigurationStorageService", "Owin.ApiGateway.DbConfigurationStorageService\Owin.ApiGateway.DbConfigurationStorageService.csproj", "{8DEA984E-3D53-487B-9ABD-3BAC1CCF9F57}"
EndProject
Project("{FAE04EC0-301F-11D3-BF4B-00C04F79EFBC}") = "Owin.ApiGateway.BusProvider.Rebus", "Owin.ApiGateway.BusProvider.Rebus\Owin.ApiGateway.BusProvider.Rebus.csproj", "{0F5A2437-F789-48D4-B02D-EAB23FB0B34E}"
EndProject
Project("{FAE04EC0-301F-11D3-BF4B-00C04F79EFBC}") = "Owin.ApiGateway.Tests", "Owin.ApiGateway.Tests\Owin.ApiGateway.Tests.csproj", "{3DD819C5-198F-4B57-A3BA-9CC53DF089EF}"
EndProject
Global
	GlobalSection(SolutionConfigurationPlatforms) = preSolution
		Debug|Any CPU = Debug|Any CPU
		Release|Any CPU = Release|Any CPU
	EndGlobalSection
	GlobalSection(ProjectConfigurationPlatforms) = postSolution
		{8C0AB50F-F7B5-4D3E-9B47-AA21C4C27C48}.Debug|Any CPU.ActiveCfg = Debug|Any CPU
		{8C0AB50F-F7B5-4D3E-9B47-AA21C4C27C48}.Debug|Any CPU.Build.0 = Debug|Any CPU
		{8C0AB50F-F7B5-4D3E-9B47-AA21C4C27C48}.Release|Any CPU.ActiveCfg = Release|Any CPU
		{8C0AB50F-F7B5-4D3E-9B47-AA21C4C27C48}.Release|Any CPU.Build.0 = Release|Any CPU
		{EBAC3118-2CCA-4213-B8AE-64573B5C0C46}.Debug|Any CPU.ActiveCfg = Debug|Any CPU
		{EBAC3118-2CCA-4213-B8AE-64573B5C0C46}.Debug|Any CPU.Build.0 = Debug|Any CPU
		{EBAC3118-2CCA-4213-B8AE-64573B5C0C46}.Release|Any CPU.ActiveCfg = Release|Any CPU
		{EBAC3118-2CCA-4213-B8AE-64573B5C0C46}.Release|Any CPU.Build.0 = Release|Any CPU
		{216B7A3F-6B38-4BFB-8EB3-7A0A78FC1893}.Debug|Any CPU.ActiveCfg = Debug|Any CPU
		{216B7A3F-6B38-4BFB-8EB3-7A0A78FC1893}.Debug|Any CPU.Build.0 = Debug|Any CPU
		{216B7A3F-6B38-4BFB-8EB3-7A0A78FC1893}.Release|Any CPU.ActiveCfg = Release|Any CPU
		{216B7A3F-6B38-4BFB-8EB3-7A0A78FC1893}.Release|Any CPU.Build.0 = Release|Any CPU
		{912B5A6C-62EA-4346-A78B-5A8B31B9EC59}.Debug|Any CPU.ActiveCfg = Debug|Any CPU
		{912B5A6C-62EA-4346-A78B-5A8B31B9EC59}.Debug|Any CPU.Build.0 = Debug|Any CPU
		{912B5A6C-62EA-4346-A78B-5A8B31B9EC59}.Release|Any CPU.ActiveCfg = Release|Any CPU
		{912B5A6C-62EA-4346-A78B-5A8B31B9EC59}.Release|Any CPU.Build.0 = Release|Any CPU
		{CFC4B131-733F-4D32-BFF4-0242F6FA599A}.Debug|Any CPU.ActiveCfg = Debug|Any CPU
		{CFC4B131-733F-4D32-BFF4-0242F6FA599A}.Debug|Any CPU.Build.0 = Debug|Any CPU
		{CFC4B131-733F-4D32-BFF4-0242F6FA599A}.Release|Any CPU.ActiveCfg = Release|Any CPU
		{CFC4B131-733F-4D32-BFF4-0242F6FA599A}.Release|Any CPU.Build.0 = Release|Any CPU
		{8DEA984E-3D53-487B-9ABD-3BAC1CCF9F57}.Debug|Any CPU.ActiveCfg = Debug|Any CPU
		{8DEA984E-3D53-487B-9ABD-3BAC1CCF9F57}.Debug|Any CPU.Build.0 = Debug|Any CPU
		{8DEA984E-3D53-487B-9ABD-3BAC1CCF9F57}.Release|Any CPU.ActiveCfg = Release|Any CPU
		{8DEA984E-3D53-487B-9ABD-3BAC1CCF9F57}.Release|Any CPU.Build.0 = Release|Any CPU
		{0F5A2437-F789-48D4-B02D-EAB23FB0B34E}.Debug|Any CPU.ActiveCfg = Debug|Any CPU
		{0F5A2437-F789-48D4-B02D-EAB23FB0B34E}.Debug|Any CPU.Build.0 = Debug|Any CPU
		{0F5A2437-F789-48D4-B02D-EAB23FB0B34E}.Release|Any CPU.ActiveCfg = Release|Any CPU
		{0F5A2437-F789-48D4-B02D-EAB23FB0B34E}.Release|Any CPU.Build.0 = Release|Any CPU
		{3DD819C5-198F-4B57-A3BA-9CC53DF089EF}.Debug|Any CPU.ActiveCfg = Debug|Any CPU
		{3DD819C5-198F-4B57-A3BA-9CC53DF089EF}.Debug|Any CPU.Build.0 = Debug|Any CPU
		{3DD819C5-198F-4B57-A3BA-9CC53DF089EF}.Release|Any CPU.ActiveCfg = Release|Any CPU
		{3DD819C5-198F-4B57-A3BA-9CC53DF089EF}.Release|Any CPU.Build.0 = Release|Any CPU
	EndGlobalSection
	GlobalSection(SolutionProperties) = preSolution
		HideSolutionNode = FALSE
	EndGlobalSection
EndGlobal
